// !$*UTF8*$!
{
	archiveVersion = 1;
	classes = {
	};
	objectVersion = 48;
	objects = {

/* Begin PBXBuildFile section */
		FA1B1C771FB49ACD0068AB2D /* UITableViewExtensions.swift in Sources */ = {isa = PBXBuildFile; fileRef = FA1B1C761FB49ACD0068AB2D /* UITableViewExtensions.swift */; };
		FA1B1C7A1FB49B3C0068AB2D /* CorrectAnswerCell.swift in Sources */ = {isa = PBXBuildFile; fileRef = FA1B1C791FB49B3C0068AB2D /* CorrectAnswerCell.swift */; };
		FA1B1C7C1FB49B640068AB2D /* WrongAnswerCell.swift in Sources */ = {isa = PBXBuildFile; fileRef = FA1B1C7B1FB49B640068AB2D /* WrongAnswerCell.swift */; };
		FA1B1C7E1FB49B7D0068AB2D /* PresentationLayer.swift in Sources */ = {isa = PBXBuildFile; fileRef = FA1B1C7D1FB49B7D0068AB2D /* PresentationLayer.swift */; };
		FA6F07AD1FB99F94002F1540 /* QuestionTest.swift in Sources */ = {isa = PBXBuildFile; fileRef = FA6F07AC1FB99F94002F1540 /* QuestionTest.swift */; };
		FA6F07AF1FB9A369002F1540 /* Question.swift in Sources */ = {isa = PBXBuildFile; fileRef = FA6F07AE1FB9A369002F1540 /* Question.swift */; };
		FA6F07B11FB9BE8E002F1540 /* ViewControllerFactory.swift in Sources */ = {isa = PBXBuildFile; fileRef = FA6F07B01FB9BE8E002F1540 /* ViewControllerFactory.swift */; };
		FA6F07B31FB9BF0E002F1540 /* iOSViewControllerFactoryTest.swift in Sources */ = {isa = PBXBuildFile; fileRef = FA6F07B21FB9BF0E002F1540 /* iOSViewControllerFactoryTest.swift */; };
		FA6F07B51FB9BFF5002F1540 /* iOSViewControllerFactory.swift in Sources */ = {isa = PBXBuildFile; fileRef = FA6F07B41FB9BFF5002F1540 /* iOSViewControllerFactory.swift */; };
		FA834C8A1FB5FE1D0072F142 /* QuizEngine.framework in Frameworks */ = {isa = PBXBuildFile; fileRef = FA834C891FB5FE1D0072F142 /* QuizEngine.framework */; };
		FA834C8B1FB5FE1D0072F142 /* QuizEngine.framework in Embed Frameworks */ = {isa = PBXBuildFile; fileRef = FA834C891FB5FE1D0072F142 /* QuizEngine.framework */; settings = {ATTRIBUTES = (CodeSignOnCopy, RemoveHeadersOnCopy, ); }; };
		FA834C911FB6045B0072F142 /* NavigationControllerRouterTest.swift in Sources */ = {isa = PBXBuildFile; fileRef = FA834C901FB6045B0072F142 /* NavigationControllerRouterTest.swift */; };
		FA834C931FB605170072F142 /* NavigationControllerRouter.swift in Sources */ = {isa = PBXBuildFile; fileRef = FA834C921FB605170072F142 /* NavigationControllerRouter.swift */; };
		FAEBB6EC1FB4893100F03FBA /* CorrectAnswerCell.xib in Resources */ = {isa = PBXBuildFile; fileRef = FAEBB6EB1FB4893100F03FBA /* CorrectAnswerCell.xib */; };
		FAEBB6FF1FB490B600F03FBA /* WrongAnswerCell.xib in Resources */ = {isa = PBXBuildFile; fileRef = FAEBB6FE1FB490B600F03FBA /* WrongAnswerCell.xib */; };
		FAF121EF1FB31F6300E47CF8 /* AppDelegate.swift in Sources */ = {isa = PBXBuildFile; fileRef = FAF121EE1FB31F6300E47CF8 /* AppDelegate.swift */; };
		FAF121F61FB31F6300E47CF8 /* Assets.xcassets in Resources */ = {isa = PBXBuildFile; fileRef = FAF121F51FB31F6300E47CF8 /* Assets.xcassets */; };
		FAF121F91FB31F6300E47CF8 /* LaunchScreen.storyboard in Resources */ = {isa = PBXBuildFile; fileRef = FAF121F71FB31F6300E47CF8 /* LaunchScreen.storyboard */; };
		FAF1220F1FB31FA400E47CF8 /* QuestionViewControllerTest.swift in Sources */ = {isa = PBXBuildFile; fileRef = FAF1220E1FB31FA400E47CF8 /* QuestionViewControllerTest.swift */; };
		FAF122111FB3202900E47CF8 /* QuestionViewController.swift in Sources */ = {isa = PBXBuildFile; fileRef = FAF122101FB3202900E47CF8 /* QuestionViewController.swift */; };
		FAF122131FB320B300E47CF8 /* QuestionViewController.xib in Resources */ = {isa = PBXBuildFile; fileRef = FAF122121FB320B300E47CF8 /* QuestionViewController.xib */; };
		FAF122151FB3657200E47CF8 /* ResultsViewControllerTest.swift in Sources */ = {isa = PBXBuildFile; fileRef = FAF122141FB3657200E47CF8 /* ResultsViewControllerTest.swift */; };
		FAF122171FB3661500E47CF8 /* ResultsViewController.swift in Sources */ = {isa = PBXBuildFile; fileRef = FAF122161FB3661500E47CF8 /* ResultsViewController.swift */; };
		FAF122191FB3666800E47CF8 /* ResultsViewController.xib in Resources */ = {isa = PBXBuildFile; fileRef = FAF122181FB3666800E47CF8 /* ResultsViewController.xib */; };
		FAF1221D1FB36F0200E47CF8 /* TableViewHelpers.swift in Sources */ = {isa = PBXBuildFile; fileRef = FAF1221C1FB36F0200E47CF8 /* TableViewHelpers.swift */; };
/* End PBXBuildFile section */

/* Begin PBXContainerItemProxy section */
		FAF122001FB31F6400E47CF8 /* PBXContainerItemProxy */ = {
			isa = PBXContainerItemProxy;
			containerPortal = FAF121E31FB31F6300E47CF8 /* Project object */;
			proxyType = 1;
			remoteGlobalIDString = FAF121EA1FB31F6300E47CF8;
			remoteInfo = Quizapp;
		};
/* End PBXContainerItemProxy section */

/* Begin PBXCopyFilesBuildPhase section */
		FA834C8C1FB5FE1D0072F142 /* Embed Frameworks */ = {
			isa = PBXCopyFilesBuildPhase;
			buildActionMask = 2147483647;
			dstPath = "";
			dstSubfolderSpec = 10;
			files = (
				FA834C8B1FB5FE1D0072F142 /* QuizEngine.framework in Embed Frameworks */,
			);
			name = "Embed Frameworks";
			runOnlyForDeploymentPostprocessing = 0;
		};
/* End PBXCopyFilesBuildPhase section */

/* Begin PBXFileReference section */
		FA1B1C761FB49ACD0068AB2D /* UITableViewExtensions.swift */ = {isa = PBXFileReference; lastKnownFileType = sourcecode.swift; path = UITableViewExtensions.swift; sourceTree = "<group>"; };
		FA1B1C791FB49B3C0068AB2D /* CorrectAnswerCell.swift */ = {isa = PBXFileReference; lastKnownFileType = sourcecode.swift; path = CorrectAnswerCell.swift; sourceTree = "<group>"; };
		FA1B1C7B1FB49B640068AB2D /* WrongAnswerCell.swift */ = {isa = PBXFileReference; lastKnownFileType = sourcecode.swift; path = WrongAnswerCell.swift; sourceTree = "<group>"; };
		FA1B1C7D1FB49B7D0068AB2D /* PresentationLayer.swift */ = {isa = PBXFileReference; lastKnownFileType = sourcecode.swift; path = PresentationLayer.swift; sourceTree = "<group>"; };
		FA6F07AC1FB99F94002F1540 /* QuestionTest.swift */ = {isa = PBXFileReference; lastKnownFileType = sourcecode.swift; path = QuestionTest.swift; sourceTree = "<group>"; };
		FA6F07AE1FB9A369002F1540 /* Question.swift */ = {isa = PBXFileReference; lastKnownFileType = sourcecode.swift; path = Question.swift; sourceTree = "<group>"; };
		FA6F07B01FB9BE8E002F1540 /* ViewControllerFactory.swift */ = {isa = PBXFileReference; lastKnownFileType = sourcecode.swift; path = ViewControllerFactory.swift; sourceTree = "<group>"; };
		FA6F07B21FB9BF0E002F1540 /* iOSViewControllerFactoryTest.swift */ = {isa = PBXFileReference; lastKnownFileType = sourcecode.swift; path = iOSViewControllerFactoryTest.swift; sourceTree = "<group>"; };
		FA6F07B41FB9BFF5002F1540 /* iOSViewControllerFactory.swift */ = {isa = PBXFileReference; lastKnownFileType = sourcecode.swift; path = iOSViewControllerFactory.swift; sourceTree = "<group>"; };
		FA834C891FB5FE1D0072F142 /* QuizEngine.framework */ = {isa = PBXFileReference; explicitFileType = wrapper.framework; path = QuizEngine.framework; sourceTree = BUILT_PRODUCTS_DIR; };
		FA834C8F1FB5FE390072F142 /* QuizEngine.framework */ = {isa = PBXFileReference; lastKnownFileType = wrapper.framework; name = QuizEngine.framework; path = "../../../../../Library/Developer/Xcode/DerivedData/Quizapp-ebniamwrbnvvrqdqwhefihwogbql/Build/Products/Debug-iphoneos/QuizEngine.framework"; sourceTree = "<group>"; };
		FA834C901FB6045B0072F142 /* NavigationControllerRouterTest.swift */ = {isa = PBXFileReference; lastKnownFileType = sourcecode.swift; path = NavigationControllerRouterTest.swift; sourceTree = "<group>"; };
		FA834C921FB605170072F142 /* NavigationControllerRouter.swift */ = {isa = PBXFileReference; lastKnownFileType = sourcecode.swift; path = NavigationControllerRouter.swift; sourceTree = "<group>"; };
		FAEBB6EB1FB4893100F03FBA /* CorrectAnswerCell.xib */ = {isa = PBXFileReference; lastKnownFileType = file.xib; path = CorrectAnswerCell.xib; sourceTree = "<group>"; };
		FAEBB6FE1FB490B600F03FBA /* WrongAnswerCell.xib */ = {isa = PBXFileReference; lastKnownFileType = file.xib; path = WrongAnswerCell.xib; sourceTree = "<group>"; };
		FAF121EB1FB31F6300E47CF8 /* Quizapp.app */ = {isa = PBXFileReference; explicitFileType = wrapper.application; includeInIndex = 0; path = Quizapp.app; sourceTree = BUILT_PRODUCTS_DIR; };
		FAF121EE1FB31F6300E47CF8 /* AppDelegate.swift */ = {isa = PBXFileReference; lastKnownFileType = sourcecode.swift; path = AppDelegate.swift; sourceTree = "<group>"; };
		FAF121F51FB31F6300E47CF8 /* Assets.xcassets */ = {isa = PBXFileReference; lastKnownFileType = folder.assetcatalog; path = Assets.xcassets; sourceTree = "<group>"; };
		FAF121F81FB31F6300E47CF8 /* Base */ = {isa = PBXFileReference; lastKnownFileType = file.storyboard; name = Base; path = Base.lproj/LaunchScreen.storyboard; sourceTree = "<group>"; };
		FAF121FA1FB31F6300E47CF8 /* Info.plist */ = {isa = PBXFileReference; lastKnownFileType = text.plist.xml; path = Info.plist; sourceTree = "<group>"; };
		FAF121FF1FB31F6400E47CF8 /* QuizappTests.xctest */ = {isa = PBXFileReference; explicitFileType = wrapper.cfbundle; includeInIndex = 0; path = QuizappTests.xctest; sourceTree = BUILT_PRODUCTS_DIR; };
		FAF122051FB31F6400E47CF8 /* Info.plist */ = {isa = PBXFileReference; lastKnownFileType = text.plist.xml; path = Info.plist; sourceTree = "<group>"; };
		FAF1220E1FB31FA400E47CF8 /* QuestionViewControllerTest.swift */ = {isa = PBXFileReference; lastKnownFileType = sourcecode.swift; path = QuestionViewControllerTest.swift; sourceTree = "<group>"; };
		FAF122101FB3202900E47CF8 /* QuestionViewController.swift */ = {isa = PBXFileReference; lastKnownFileType = sourcecode.swift; path = QuestionViewController.swift; sourceTree = "<group>"; };
		FAF122121FB320B300E47CF8 /* QuestionViewController.xib */ = {isa = PBXFileReference; lastKnownFileType = file.xib; path = QuestionViewController.xib; sourceTree = "<group>"; };
		FAF122141FB3657200E47CF8 /* ResultsViewControllerTest.swift */ = {isa = PBXFileReference; lastKnownFileType = sourcecode.swift; path = ResultsViewControllerTest.swift; sourceTree = "<group>"; };
		FAF122161FB3661500E47CF8 /* ResultsViewController.swift */ = {isa = PBXFileReference; lastKnownFileType = sourcecode.swift; path = ResultsViewController.swift; sourceTree = "<group>"; };
		FAF122181FB3666800E47CF8 /* ResultsViewController.xib */ = {isa = PBXFileReference; lastKnownFileType = file.xib; path = ResultsViewController.xib; sourceTree = "<group>"; };
		FAF1221C1FB36F0200E47CF8 /* TableViewHelpers.swift */ = {isa = PBXFileReference; lastKnownFileType = sourcecode.swift; path = TableViewHelpers.swift; sourceTree = "<group>"; };
/* End PBXFileReference section */

/* Begin PBXFrameworksBuildPhase section */
		FAF121E81FB31F6300E47CF8 /* Frameworks */ = {
			isa = PBXFrameworksBuildPhase;
			buildActionMask = 2147483647;
			files = (
				FA834C8A1FB5FE1D0072F142 /* QuizEngine.framework in Frameworks */,
			);
			runOnlyForDeploymentPostprocessing = 0;
		};
		FAF121FC1FB31F6400E47CF8 /* Frameworks */ = {
			isa = PBXFrameworksBuildPhase;
			buildActionMask = 2147483647;
			files = (
			);
			runOnlyForDeploymentPostprocessing = 0;
		};
/* End PBXFrameworksBuildPhase section */

/* Begin PBXGroup section */
		FA1B1C781FB49AD20068AB2D /* Extensions */ = {
			isa = PBXGroup;
			children = (
				FA1B1C761FB49ACD0068AB2D /* UITableViewExtensions.swift */,
			);
			path = Extensions;
			sourceTree = "<group>";
		};
		FA834C8E1FB5FE380072F142 /* Frameworks */ = {
			isa = PBXGroup;
			children = (
				FA834C8F1FB5FE390072F142 /* QuizEngine.framework */,
			);
			path = Frameworks;
			sourceTree = "<group>";
		};
		FAEBB6ED1FB4893D00F03FBA /* Question View Controller */ = {
			isa = PBXGroup;
			children = (
				FAF122101FB3202900E47CF8 /* QuestionViewController.swift */,
				FAF122121FB320B300E47CF8 /* QuestionViewController.xib */,
			);
			path = "Question View Controller";
			sourceTree = "<group>";
		};
		FAEBB6EE1FB4894500F03FBA /* Results View Controller */ = {
			isa = PBXGroup;
			children = (
				FAF122161FB3661500E47CF8 /* ResultsViewController.swift */,
				FAF122181FB3666800E47CF8 /* ResultsViewController.xib */,
			);
			path = "Results View Controller";
			sourceTree = "<group>";
		};
		FAEBB6F31FB48A3900F03FBA /* Other */ = {
			isa = PBXGroup;
			children = (
				FAF121EE1FB31F6300E47CF8 /* AppDelegate.swift */,
				FAF121F51FB31F6300E47CF8 /* Assets.xcassets */,
				FAF121F71FB31F6300E47CF8 /* LaunchScreen.storyboard */,
				FAF121FA1FB31F6300E47CF8 /* Info.plist */,
			);
			path = Other;
			sourceTree = "<group>";
		};
		FAEBB6F41FB48A6200F03FBA /* Correct Answer Cell */ = {
			isa = PBXGroup;
			children = (
				FA1B1C791FB49B3C0068AB2D /* CorrectAnswerCell.swift */,
				FAEBB6EB1FB4893100F03FBA /* CorrectAnswerCell.xib */,
			);
			path = "Correct Answer Cell";
			sourceTree = "<group>";
		};
		FAEBB6FB1FB4909300F03FBA /* Wrong Answer Cell */ = {
			isa = PBXGroup;
			children = (
				FAEBB6FE1FB490B600F03FBA /* WrongAnswerCell.xib */,
				FA1B1C7B1FB49B640068AB2D /* WrongAnswerCell.swift */,
			);
			path = "Wrong Answer Cell";
			sourceTree = "<group>";
		};
		FAF121E21FB31F6300E47CF8 = {
			isa = PBXGroup;
			children = (
				FA834C891FB5FE1D0072F142 /* QuizEngine.framework */,
				FAF121ED1FB31F6300E47CF8 /* Quizapp */,
				FAF122021FB31F6400E47CF8 /* QuizappTests */,
				FAF121EC1FB31F6300E47CF8 /* Products */,
				FA834C8E1FB5FE380072F142 /* Frameworks */,
			);
			sourceTree = "<group>";
		};
		FAF121EC1FB31F6300E47CF8 /* Products */ = {
			isa = PBXGroup;
			children = (
				FAF121EB1FB31F6300E47CF8 /* Quizapp.app */,
				FAF121FF1FB31F6400E47CF8 /* QuizappTests.xctest */,
			);
			name = Products;
			sourceTree = "<group>";
		};
		FAF121ED1FB31F6300E47CF8 /* Quizapp */ = {
			isa = PBXGroup;
			children = (
				FA1B1C7D1FB49B7D0068AB2D /* PresentationLayer.swift */,
				FAEBB6FB1FB4909300F03FBA /* Wrong Answer Cell */,
				FAEBB6ED1FB4893D00F03FBA /* Question View Controller */,
				FAEBB6EE1FB4894500F03FBA /* Results View Controller */,
				FAEBB6F41FB48A6200F03FBA /* Correct Answer Cell */,
				FAEBB6F31FB48A3900F03FBA /* Other */,
				FA1B1C781FB49AD20068AB2D /* Extensions */,
				FA834C921FB605170072F142 /* NavigationControllerRouter.swift */,
				FA6F07AE1FB9A369002F1540 /* Question.swift */,
				FA6F07B01FB9BE8E002F1540 /* ViewControllerFactory.swift */,
				FA6F07B41FB9BFF5002F1540 /* iOSViewControllerFactory.swift */,
			);
			path = Quizapp;
			sourceTree = "<group>";
		};
		FAF122021FB31F6400E47CF8 /* QuizappTests */ = {
			isa = PBXGroup;
			children = (
				FAF1221C1FB36F0200E47CF8 /* TableViewHelpers.swift */,
				FAF1220E1FB31FA400E47CF8 /* QuestionViewControllerTest.swift */,
				FAF122141FB3657200E47CF8 /* ResultsViewControllerTest.swift */,
				FAF122051FB31F6400E47CF8 /* Info.plist */,
				FA834C901FB6045B0072F142 /* NavigationControllerRouterTest.swift */,
				FA6F07AC1FB99F94002F1540 /* QuestionTest.swift */,
				FA6F07B21FB9BF0E002F1540 /* iOSViewControllerFactoryTest.swift */,
			);
			path = QuizappTests;
			sourceTree = "<group>";
		};
/* End PBXGroup section */

/* Begin PBXNativeTarget section */
		FAF121EA1FB31F6300E47CF8 /* Quizapp */ = {
			isa = PBXNativeTarget;
			buildConfigurationList = FAF122081FB31F6400E47CF8 /* Build configuration list for PBXNativeTarget "Quizapp" */;
			buildPhases = (
				FAF121E71FB31F6300E47CF8 /* Sources */,
				FAF121E81FB31F6300E47CF8 /* Frameworks */,
				FAF121E91FB31F6300E47CF8 /* Resources */,
				FA834C8C1FB5FE1D0072F142 /* Embed Frameworks */,
			);
			buildRules = (
			);
			dependencies = (
			);
			name = Quizapp;
			productName = Quizapp;
			productReference = FAF121EB1FB31F6300E47CF8 /* Quizapp.app */;
			productType = "com.apple.product-type.application";
		};
		FAF121FE1FB31F6400E47CF8 /* QuizappTests */ = {
			isa = PBXNativeTarget;
			buildConfigurationList = FAF1220B1FB31F6400E47CF8 /* Build configuration list for PBXNativeTarget "QuizappTests" */;
			buildPhases = (
				FAF121FB1FB31F6400E47CF8 /* Sources */,
				FAF121FC1FB31F6400E47CF8 /* Frameworks */,
				FAF121FD1FB31F6400E47CF8 /* Resources */,
			);
			buildRules = (
			);
			dependencies = (
				FAF122011FB31F6400E47CF8 /* PBXTargetDependency */,
			);
			name = QuizappTests;
			productName = QuizappTests;
			productReference = FAF121FF1FB31F6400E47CF8 /* QuizappTests.xctest */;
			productType = "com.apple.product-type.bundle.unit-test";
		};
/* End PBXNativeTarget section */

/* Begin PBXProject section */
		FAF121E31FB31F6300E47CF8 /* Project object */ = {
			isa = PBXProject;
			attributes = {
				LastSwiftUpdateCheck = 0910;
				LastUpgradeCheck = 0910;
				ORGANIZATIONNAME = "Sigma Software";
				TargetAttributes = {
					FAF121EA1FB31F6300E47CF8 = {
						CreatedOnToolsVersion = 9.1;
						ProvisioningStyle = Automatic;
					};
					FAF121FE1FB31F6400E47CF8 = {
						CreatedOnToolsVersion = 9.1;
						ProvisioningStyle = Automatic;
						TestTargetID = FAF121EA1FB31F6300E47CF8;
					};
				};
			};
			buildConfigurationList = FAF121E61FB31F6300E47CF8 /* Build configuration list for PBXProject "Quizapp" */;
			compatibilityVersion = "Xcode 8.0";
			developmentRegion = en;
			hasScannedForEncodings = 0;
			knownRegions = (
				en,
				Base,
			);
			mainGroup = FAF121E21FB31F6300E47CF8;
			productRefGroup = FAF121EC1FB31F6300E47CF8 /* Products */;
			projectDirPath = "";
			projectRoot = "";
			targets = (
				FAF121EA1FB31F6300E47CF8 /* Quizapp */,
				FAF121FE1FB31F6400E47CF8 /* QuizappTests */,
			);
		};
/* End PBXProject section */

/* Begin PBXResourcesBuildPhase section */
		FAF121E91FB31F6300E47CF8 /* Resources */ = {
			isa = PBXResourcesBuildPhase;
			buildActionMask = 2147483647;
			files = (
				FAF121F91FB31F6300E47CF8 /* LaunchScreen.storyboard in Resources */,
				FAEBB6FF1FB490B600F03FBA /* WrongAnswerCell.xib in Resources */,
				FAF121F61FB31F6300E47CF8 /* Assets.xcassets in Resources */,
				FAF122131FB320B300E47CF8 /* QuestionViewController.xib in Resources */,
				FAEBB6EC1FB4893100F03FBA /* CorrectAnswerCell.xib in Resources */,
				FAF122191FB3666800E47CF8 /* ResultsViewController.xib in Resources */,
			);
			runOnlyForDeploymentPostprocessing = 0;
		};
		FAF121FD1FB31F6400E47CF8 /* Resources */ = {
			isa = PBXResourcesBuildPhase;
			buildActionMask = 2147483647;
			files = (
			);
			runOnlyForDeploymentPostprocessing = 0;
		};
/* End PBXResourcesBuildPhase section */

/* Begin PBXSourcesBuildPhase section */
		FAF121E71FB31F6300E47CF8 /* Sources */ = {
			isa = PBXSourcesBuildPhase;
			buildActionMask = 2147483647;
			files = (
				FA834C931FB605170072F142 /* NavigationControllerRouter.swift in Sources */,
				FA6F07B11FB9BE8E002F1540 /* ViewControllerFactory.swift in Sources */,
				FA1B1C7E1FB49B7D0068AB2D /* PresentationLayer.swift in Sources */,
				FA6F07B51FB9BFF5002F1540 /* iOSViewControllerFactory.swift in Sources */,
				FAF122111FB3202900E47CF8 /* QuestionViewController.swift in Sources */,
				FA6F07AF1FB9A369002F1540 /* Question.swift in Sources */,
				FAF121EF1FB31F6300E47CF8 /* AppDelegate.swift in Sources */,
				FA1B1C7A1FB49B3C0068AB2D /* CorrectAnswerCell.swift in Sources */,
				FA1B1C7C1FB49B640068AB2D /* WrongAnswerCell.swift in Sources */,
				FAF122171FB3661500E47CF8 /* ResultsViewController.swift in Sources */,
				FA1B1C771FB49ACD0068AB2D /* UITableViewExtensions.swift in Sources */,
			);
			runOnlyForDeploymentPostprocessing = 0;
		};
		FAF121FB1FB31F6400E47CF8 /* Sources */ = {
			isa = PBXSourcesBuildPhase;
			buildActionMask = 2147483647;
			files = (
				FA6F07AD1FB99F94002F1540 /* QuestionTest.swift in Sources */,
				FA6F07B31FB9BF0E002F1540 /* iOSViewControllerFactoryTest.swift in Sources */,
				FA834C911FB6045B0072F142 /* NavigationControllerRouterTest.swift in Sources */,
				FAF1220F1FB31FA400E47CF8 /* QuestionViewControllerTest.swift in Sources */,
				FAF1221D1FB36F0200E47CF8 /* TableViewHelpers.swift in Sources */,
				FAF122151FB3657200E47CF8 /* ResultsViewControllerTest.swift in Sources */,
			);
			runOnlyForDeploymentPostprocessing = 0;
		};
/* End PBXSourcesBuildPhase section */

/* Begin PBXTargetDependency section */
		FAF122011FB31F6400E47CF8 /* PBXTargetDependency */ = {
			isa = PBXTargetDependency;
			target = FAF121EA1FB31F6300E47CF8 /* Quizapp */;
			targetProxy = FAF122001FB31F6400E47CF8 /* PBXContainerItemProxy */;
		};
/* End PBXTargetDependency section */

/* Begin PBXVariantGroup section */
		FAF121F71FB31F6300E47CF8 /* LaunchScreen.storyboard */ = {
			isa = PBXVariantGroup;
			children = (
				FAF121F81FB31F6300E47CF8 /* Base */,
			);
			name = LaunchScreen.storyboard;
			sourceTree = "<group>";
		};
/* End PBXVariantGroup section */

/* Begin XCBuildConfiguration section */
		FAF122061FB31F6400E47CF8 /* Debug */ = {
			isa = XCBuildConfiguration;
			buildSettings = {
				ALWAYS_SEARCH_USER_PATHS = NO;
				CLANG_ANALYZER_NONNULL = YES;
				CLANG_ANALYZER_NUMBER_OBJECT_CONVERSION = YES_AGGRESSIVE;
				CLANG_CXX_LANGUAGE_STANDARD = "gnu++14";
				CLANG_CXX_LIBRARY = "libc++";
				CLANG_ENABLE_MODULES = YES;
				CLANG_ENABLE_OBJC_ARC = YES;
				CLANG_WARN_BLOCK_CAPTURE_AUTORELEASING = YES;
				CLANG_WARN_BOOL_CONVERSION = YES;
				CLANG_WARN_COMMA = YES;
				CLANG_WARN_CONSTANT_CONVERSION = YES;
				CLANG_WARN_DIRECT_OBJC_ISA_USAGE = YES_ERROR;
				CLANG_WARN_DOCUMENTATION_COMMENTS = YES;
				CLANG_WARN_EMPTY_BODY = YES;
				CLANG_WARN_ENUM_CONVERSION = YES;
				CLANG_WARN_INFINITE_RECURSION = YES;
				CLANG_WARN_INT_CONVERSION = YES;
				CLANG_WARN_NON_LITERAL_NULL_CONVERSION = YES;
				CLANG_WARN_OBJC_LITERAL_CONVERSION = YES;
				CLANG_WARN_OBJC_ROOT_CLASS = YES_ERROR;
				CLANG_WARN_RANGE_LOOP_ANALYSIS = YES;
				CLANG_WARN_STRICT_PROTOTYPES = YES;
				CLANG_WARN_SUSPICIOUS_MOVE = YES;
				CLANG_WARN_UNGUARDED_AVAILABILITY = YES_AGGRESSIVE;
				CLANG_WARN_UNREACHABLE_CODE = YES;
				CLANG_WARN__DUPLICATE_METHOD_MATCH = YES;
				CODE_SIGN_IDENTITY = "iPhone Developer";
				COPY_PHASE_STRIP = NO;
				DEBUG_INFORMATION_FORMAT = dwarf;
				ENABLE_STRICT_OBJC_MSGSEND = YES;
				ENABLE_TESTABILITY = YES;
				GCC_C_LANGUAGE_STANDARD = gnu11;
				GCC_DYNAMIC_NO_PIC = NO;
				GCC_NO_COMMON_BLOCKS = YES;
				GCC_OPTIMIZATION_LEVEL = 0;
				GCC_PREPROCESSOR_DEFINITIONS = (
					"DEBUG=1",
					"$(inherited)",
				);
				GCC_WARN_64_TO_32_BIT_CONVERSION = YES;
				GCC_WARN_ABOUT_RETURN_TYPE = YES_ERROR;
				GCC_WARN_UNDECLARED_SELECTOR = YES;
				GCC_WARN_UNINITIALIZED_AUTOS = YES_AGGRESSIVE;
				GCC_WARN_UNUSED_FUNCTION = YES;
				GCC_WARN_UNUSED_VARIABLE = YES;
				IPHONEOS_DEPLOYMENT_TARGET = 11.1;
				MTL_ENABLE_DEBUG_INFO = YES;
				ONLY_ACTIVE_ARCH = YES;
				SDKROOT = iphoneos;
				SWIFT_ACTIVE_COMPILATION_CONDITIONS = DEBUG;
				SWIFT_OPTIMIZATION_LEVEL = "-Onone";
			};
			name = Debug;
		};
		FAF122071FB31F6400E47CF8 /* Release */ = {
			isa = XCBuildConfiguration;
			buildSettings = {
				ALWAYS_SEARCH_USER_PATHS = NO;
				CLANG_ANALYZER_NONNULL = YES;
				CLANG_ANALYZER_NUMBER_OBJECT_CONVERSION = YES_AGGRESSIVE;
				CLANG_CXX_LANGUAGE_STANDARD = "gnu++14";
				CLANG_CXX_LIBRARY = "libc++";
				CLANG_ENABLE_MODULES = YES;
				CLANG_ENABLE_OBJC_ARC = YES;
				CLANG_WARN_BLOCK_CAPTURE_AUTORELEASING = YES;
				CLANG_WARN_BOOL_CONVERSION = YES;
				CLANG_WARN_COMMA = YES;
				CLANG_WARN_CONSTANT_CONVERSION = YES;
				CLANG_WARN_DIRECT_OBJC_ISA_USAGE = YES_ERROR;
				CLANG_WARN_DOCUMENTATION_COMMENTS = YES;
				CLANG_WARN_EMPTY_BODY = YES;
				CLANG_WARN_ENUM_CONVERSION = YES;
				CLANG_WARN_INFINITE_RECURSION = YES;
				CLANG_WARN_INT_CONVERSION = YES;
				CLANG_WARN_NON_LITERAL_NULL_CONVERSION = YES;
				CLANG_WARN_OBJC_LITERAL_CONVERSION = YES;
				CLANG_WARN_OBJC_ROOT_CLASS = YES_ERROR;
				CLANG_WARN_RANGE_LOOP_ANALYSIS = YES;
				CLANG_WARN_STRICT_PROTOTYPES = YES;
				CLANG_WARN_SUSPICIOUS_MOVE = YES;
				CLANG_WARN_UNGUARDED_AVAILABILITY = YES_AGGRESSIVE;
				CLANG_WARN_UNREACHABLE_CODE = YES;
				CLANG_WARN__DUPLICATE_METHOD_MATCH = YES;
				CODE_SIGN_IDENTITY = "iPhone Developer";
				COPY_PHASE_STRIP = NO;
				DEBUG_INFORMATION_FORMAT = "dwarf-with-dsym";
				ENABLE_NS_ASSERTIONS = NO;
				ENABLE_STRICT_OBJC_MSGSEND = YES;
				GCC_C_LANGUAGE_STANDARD = gnu11;
				GCC_NO_COMMON_BLOCKS = YES;
				GCC_WARN_64_TO_32_BIT_CONVERSION = YES;
				GCC_WARN_ABOUT_RETURN_TYPE = YES_ERROR;
				GCC_WARN_UNDECLARED_SELECTOR = YES;
				GCC_WARN_UNINITIALIZED_AUTOS = YES_AGGRESSIVE;
				GCC_WARN_UNUSED_FUNCTION = YES;
				GCC_WARN_UNUSED_VARIABLE = YES;
				IPHONEOS_DEPLOYMENT_TARGET = 11.1;
				MTL_ENABLE_DEBUG_INFO = NO;
				SDKROOT = iphoneos;
				SWIFT_OPTIMIZATION_LEVEL = "-Owholemodule";
				VALIDATE_PRODUCT = YES;
			};
			name = Release;
		};
		FAF122091FB31F6400E47CF8 /* Debug */ = {
			isa = XCBuildConfiguration;
			buildSettings = {
				ASSETCATALOG_COMPILER_APPICON_NAME = AppIcon;
				CODE_SIGN_STYLE = Automatic;
				DEVELOPMENT_TEAM = 4VGC6AR5XL;
				INFOPLIST_FILE = Quizapp/Other/Info.plist;
				LD_RUNPATH_SEARCH_PATHS = "$(inherited) @executable_path/Frameworks";
				PRODUCT_BUNDLE_IDENTIFIER = com.sigmasoftware.Quizapp;
				PRODUCT_NAME = "$(TARGET_NAME)";
				SWIFT_VERSION = 4.0;
				TARGETED_DEVICE_FAMILY = "1,2";
			};
			name = Debug;
		};
		FAF1220A1FB31F6400E47CF8 /* Release */ = {
			isa = XCBuildConfiguration;
			buildSettings = {
				ASSETCATALOG_COMPILER_APPICON_NAME = AppIcon;
				CODE_SIGN_STYLE = Automatic;
				DEVELOPMENT_TEAM = 4VGC6AR5XL;
				INFOPLIST_FILE = Quizapp/Other/Info.plist;
				LD_RUNPATH_SEARCH_PATHS = "$(inherited) @executable_path/Frameworks";
				PRODUCT_BUNDLE_IDENTIFIER = com.sigmasoftware.Quizapp;
				PRODUCT_NAME = "$(TARGET_NAME)";
				SWIFT_VERSION = 4.0;
				TARGETED_DEVICE_FAMILY = "1,2";
			};
			name = Release;
		};
		FAF1220C1FB31F6400E47CF8 /* Debug */ = {
			isa = XCBuildConfiguration;
			buildSettings = {
				ALWAYS_EMBED_SWIFT_STANDARD_LIBRARIES = YES;
				BUNDLE_LOADER = "$(TEST_HOST)";
				CODE_SIGN_STYLE = Automatic;
				DEVELOPMENT_TEAM = 4VGC6AR5XL;
				INFOPLIST_FILE = QuizappTests/Info.plist;
				LD_RUNPATH_SEARCH_PATHS = "$(inherited) @executable_path/Frameworks @loader_path/Frameworks";
				PRODUCT_BUNDLE_IDENTIFIER = com.sigmasoftware.QuizappTests;
				PRODUCT_NAME = "$(TARGET_NAME)";
				SWIFT_VERSION = 4.0;
				TARGETED_DEVICE_FAMILY = "1,2";
				TEST_HOST = "$(BUILT_PRODUCTS_DIR)/Quizapp.app/Quizapp";
			};
			name = Debug;
		};
		FAF1220D1FB31F6400E47CF8 /* Release */ = {
			isa = XCBuildConfiguration;
			buildSettings = {
				ALWAYS_EMBED_SWIFT_STANDARD_LIBRARIES = YES;
				BUNDLE_LOADER = "$(TEST_HOST)";
				CODE_SIGN_STYLE = Automatic;
				DEVELOPMENT_TEAM = 4VGC6AR5XL;
				INFOPLIST_FILE = QuizappTests/Info.plist;
				LD_RUNPATH_SEARCH_PATHS = "$(inherited) @executable_path/Frameworks @loader_path/Frameworks";
				PRODUCT_BUNDLE_IDENTIFIER = com.sigmasoftware.QuizappTests;
				PRODUCT_NAME = "$(TARGET_NAME)";
				SWIFT_VERSION = 4.0;
				TARGETED_DEVICE_FAMILY = "1,2";
				TEST_HOST = "$(BUILT_PRODUCTS_DIR)/Quizapp.app/Quizapp";
			};
			name = Release;
		};
/* End XCBuildConfiguration section */

/* Begin XCConfigurationList section */
		FAF121E61FB31F6300E47CF8 /* Build configuration list for PBXProject "Quizapp" */ = {
			isa = XCConfigurationList;
			buildConfigurations = (
				FAF122061FB31F6400E47CF8 /* Debug */,
				FAF122071FB31F6400E47CF8 /* Release */,
			);
			defaultConfigurationIsVisible = 0;
			defaultConfigurationName = Release;
		};
		FAF122081FB31F6400E47CF8 /* Build configuration list for PBXNativeTarget "Quizapp" */ = {
			isa = XCConfigurationList;
			buildConfigurations = (
				FAF122091FB31F6400E47CF8 /* Debug */,
				FAF1220A1FB31F6400E47CF8 /* Release */,
			);
			defaultConfigurationIsVisible = 0;
			defaultConfigurationName = Release;
		};
		FAF1220B1FB31F6400E47CF8 /* Build configuration list for PBXNativeTarget "QuizappTests" */ = {
			isa = XCConfigurationList;
			buildConfigurations = (
				FAF1220C1FB31F6400E47CF8 /* Debug */,
				FAF1220D1FB31F6400E47CF8 /* Release */,
			);
			defaultConfigurationIsVisible = 0;
			defaultConfigurationName = Release;
		};
/* End XCConfigurationList section */
	};
	rootObject = FAF121E31FB31F6300E47CF8 /* Project object */;
}
